// !$*UTF8*$!
{
	archiveVersion = 1;
	classes = {
	};
	objectVersion = 56;
	objects = {

/* Begin PBXBuildFile section */
		2E40D7962AF1339800066D88 /* AppDelegate.swift in Sources */ = {isa = PBXBuildFile; fileRef = 2E40D7952AF1339800066D88 /* AppDelegate.swift */; };
		2E40D7982AF1339800066D88 /* SceneDelegate.swift in Sources */ = {isa = PBXBuildFile; fileRef = 2E40D7972AF1339800066D88 /* SceneDelegate.swift */; };
		2E40D79A2AF1339800066D88 /* HomeViewController.swift in Sources */ = {isa = PBXBuildFile; fileRef = 2E40D7992AF1339800066D88 /* HomeViewController.swift */; };
		2E40D79F2AF1339900066D88 /* Assets.xcassets in Resources */ = {isa = PBXBuildFile; fileRef = 2E40D79E2AF1339900066D88 /* Assets.xcassets */; };
		2E40D7A22AF1339900066D88 /* LaunchScreen.storyboard in Resources */ = {isa = PBXBuildFile; fileRef = 2E40D7A02AF1339900066D88 /* LaunchScreen.storyboard */; };
		2E40D7AB2AF13D4600066D88 /* Post.swift in Sources */ = {isa = PBXBuildFile; fileRef = 2E40D7AA2AF13D4600066D88 /* Post.swift */; };
		2E40D7B02AF165E300066D88 /* PostViewModel.swift in Sources */ = {isa = PBXBuildFile; fileRef = 2E40D7AF2AF165E300066D88 /* PostViewModel.swift */; };
		2E40D7B42AF16A1000066D88 /* CustomTableViewCellScreen.swift in Sources */ = {isa = PBXBuildFile; fileRef = 2E40D7B32AF16A1000066D88 /* CustomTableViewCellScreen.swift */; };
		2E40D7B62AF16BB100066D88 /* CustomTableViewCell.swift in Sources */ = {isa = PBXBuildFile; fileRef = 2E40D7B52AF16BB100066D88 /* CustomTableViewCell.swift */; };
		2E40D7B92AF16D6800066D88 /* HomeScreen.swift in Sources */ = {isa = PBXBuildFile; fileRef = 2E40D7B82AF16D6800066D88 /* HomeScreen.swift */; };
/* End PBXBuildFile section */

/* Begin PBXFileReference section */
		2E40D7922AF1339800066D88 /* DataAPI.app */ = {isa = PBXFileReference; explicitFileType = wrapper.application; includeInIndex = 0; path = DataAPI.app; sourceTree = BUILT_PRODUCTS_DIR; };
		2E40D7952AF1339800066D88 /* AppDelegate.swift */ = {isa = PBXFileReference; lastKnownFileType = sourcecode.swift; path = AppDelegate.swift; sourceTree = "<group>"; };
		2E40D7972AF1339800066D88 /* SceneDelegate.swift */ = {isa = PBXFileReference; lastKnownFileType = sourcecode.swift; path = SceneDelegate.swift; sourceTree = "<group>"; };
		2E40D7992AF1339800066D88 /* HomeViewController.swift */ = {isa = PBXFileReference; lastKnownFileType = sourcecode.swift; path = HomeViewController.swift; sourceTree = "<group>"; };
		2E40D79E2AF1339900066D88 /* Assets.xcassets */ = {isa = PBXFileReference; lastKnownFileType = folder.assetcatalog; path = Assets.xcassets; sourceTree = "<group>"; };
		2E40D7A12AF1339900066D88 /* Base */ = {isa = PBXFileReference; lastKnownFileType = file.storyboard; name = Base; path = Base.lproj/LaunchScreen.storyboard; sourceTree = "<group>"; };
		2E40D7A32AF1339900066D88 /* Info.plist */ = {isa = PBXFileReference; lastKnownFileType = text.plist.xml; path = Info.plist; sourceTree = "<group>"; };
		2E40D7AA2AF13D4600066D88 /* Post.swift */ = {isa = PBXFileReference; lastKnownFileType = sourcecode.swift; path = Post.swift; sourceTree = "<group>"; };
		2E40D7AF2AF165E300066D88 /* PostViewModel.swift */ = {isa = PBXFileReference; lastKnownFileType = sourcecode.swift; path = PostViewModel.swift; sourceTree = "<group>"; };
		2E40D7B32AF16A1000066D88 /* CustomTableViewCellScreen.swift */ = {isa = PBXFileReference; lastKnownFileType = sourcecode.swift; path = CustomTableViewCellScreen.swift; sourceTree = "<group>"; };
		2E40D7B52AF16BB100066D88 /* CustomTableViewCell.swift */ = {isa = PBXFileReference; lastKnownFileType = sourcecode.swift; path = CustomTableViewCell.swift; sourceTree = "<group>"; };
		2E40D7B82AF16D6800066D88 /* HomeScreen.swift */ = {isa = PBXFileReference; lastKnownFileType = sourcecode.swift; path = HomeScreen.swift; sourceTree = "<group>"; };
/* End PBXFileReference section */

/* Begin PBXFrameworksBuildPhase section */
		2E40D78F2AF1339800066D88 /* Frameworks */ = {
			isa = PBXFrameworksBuildPhase;
			buildActionMask = 2147483647;
			files = (
			);
			runOnlyForDeploymentPostprocessing = 0;
		};
/* End PBXFrameworksBuildPhase section */

/* Begin PBXGroup section */
		2E40D7892AF1339800066D88 = {
			isa = PBXGroup;
			children = (
				2E40D7942AF1339800066D88 /* DataAPI */,
				2E40D7932AF1339800066D88 /* Products */,
			);
			sourceTree = "<group>";
		};
		2E40D7932AF1339800066D88 /* Products */ = {
			isa = PBXGroup;
			children = (
				2E40D7922AF1339800066D88 /* DataAPI.app */,
			);
			name = Products;
			sourceTree = "<group>";
		};
		2E40D7942AF1339800066D88 /* DataAPI */ = {
			isa = PBXGroup;
			children = (
				2E40D7A92AF1360A00066D88 /* Model */,
				2E40D7B72AF16D5600066D88 /* Screen */,
				2E40D7B22AF169EE00066D88 /* Cell */,
				2E40D7B12AF165E800066D88 /* Service */,
				2E40D7952AF1339800066D88 /* AppDelegate.swift */,
				2E40D7972AF1339800066D88 /* SceneDelegate.swift */,
				2E40D79E2AF1339900066D88 /* Assets.xcassets */,
				2E40D7A02AF1339900066D88 /* LaunchScreen.storyboard */,
				2E40D7A32AF1339900066D88 /* Info.plist */,
			);
			path = DataAPI;
			sourceTree = "<group>";
		};
		2E40D7A92AF1360A00066D88 /* Model */ = {
			isa = PBXGroup;
			children = (
				2E40D7AA2AF13D4600066D88 /* Post.swift */,
			);
			path = Model;
			sourceTree = "<group>";
		};
		2E40D7B12AF165E800066D88 /* Service */ = {
			isa = PBXGroup;
			children = (
				2E40D7AF2AF165E300066D88 /* PostViewModel.swift */,
			);
			path = Service;
			sourceTree = "<group>";
		};
		2E40D7B22AF169EE00066D88 /* Cell */ = {
			isa = PBXGroup;
			children = (
				2E40D7B32AF16A1000066D88 /* CustomTableViewCellScreen.swift */,
				2E40D7B52AF16BB100066D88 /* CustomTableViewCell.swift */,
			);
			path = Cell;
			sourceTree = "<group>";
		};
		2E40D7B72AF16D5600066D88 /* Screen */ = {
			isa = PBXGroup;
			children = (
				2E40D7992AF1339800066D88 /* HomeViewController.swift */,
				2E40D7B82AF16D6800066D88 /* HomeScreen.swift */,
			);
			path = Screen;
			sourceTree = "<group>";
		};
/* End PBXGroup section */

/* Begin PBXNativeTarget section */
		2E40D7912AF1339800066D88 /* DataAPI */ = {
			isa = PBXNativeTarget;
			buildConfigurationList = 2E40D7A62AF1339900066D88 /* Build configuration list for PBXNativeTarget "DataAPI" */;
			buildPhases = (
				2E40D78E2AF1339800066D88 /* Sources */,
				2E40D78F2AF1339800066D88 /* Frameworks */,
				2E40D7902AF1339800066D88 /* Resources */,
			);
			buildRules = (
			);
			dependencies = (
			);
			name = DataAPI;
			productName = DataAPI;
			productReference = 2E40D7922AF1339800066D88 /* DataAPI.app */;
			productType = "com.apple.product-type.application";
		};
/* End PBXNativeTarget section */

/* Begin PBXProject section */
		2E40D78A2AF1339800066D88 /* Project object */ = {
			isa = PBXProject;
			attributes = {
				BuildIndependentTargetsInParallel = 1;
				LastSwiftUpdateCheck = 1420;
				LastUpgradeCheck = 1420;
				TargetAttributes = {
					2E40D7912AF1339800066D88 = {
						CreatedOnToolsVersion = 14.2;
					};
				};
			};
			buildConfigurationList = 2E40D78D2AF1339800066D88 /* Build configuration list for PBXProject "DataAPI" */;
			compatibilityVersion = "Xcode 14.0";
			developmentRegion = en;
			hasScannedForEncodings = 0;
			knownRegions = (
				en,
				Base,
			);
			mainGroup = 2E40D7892AF1339800066D88;
			productRefGroup = 2E40D7932AF1339800066D88 /* Products */;
			projectDirPath = "";
			projectRoot = "";
			targets = (
				2E40D7912AF1339800066D88 /* DataAPI */,
			);
		};
/* End PBXProject section */

/* Begin PBXResourcesBuildPhase section */
		2E40D7902AF1339800066D88 /* Resources */ = {
			isa = PBXResourcesBuildPhase;
			buildActionMask = 2147483647;
			files = (
				2E40D7A22AF1339900066D88 /* LaunchScreen.storyboard in Resources */,
				2E40D79F2AF1339900066D88 /* Assets.xcassets in Resources */,
			);
			runOnlyForDeploymentPostprocessing = 0;
		};
/* End PBXResourcesBuildPhase section */

/* Begin PBXSourcesBuildPhase section */
		2E40D78E2AF1339800066D88 /* Sources */ = {
			isa = PBXSourcesBuildPhase;
			buildActionMask = 2147483647;
			files = (
				2E40D7B42AF16A1000066D88 /* CustomTableViewCellScreen.swift in Sources */,
				2E40D7B02AF165E300066D88 /* PostViewModel.swift in Sources */,
				2E40D7AB2AF13D4600066D88 /* Post.swift in Sources */,
				2E40D7B62AF16BB100066D88 /* CustomTableViewCell.swift in Sources */,
				2E40D7B92AF16D6800066D88 /* HomeScreen.swift in Sources */,
				2E40D79A2AF1339800066D88 /* HomeViewController.swift in Sources */,
				2E40D7962AF1339800066D88 /* AppDelegate.swift in Sources */,
				2E40D7982AF1339800066D88 /* SceneDelegate.swift in Sources */,
			);
			runOnlyForDeploymentPostprocessing = 0;
		};
/* End PBXSourcesBuildPhase section */

/* Begin PBXVariantGroup section */
		2E40D7A02AF1339900066D88 /* LaunchScreen.storyboard */ = {
			isa = PBXVariantGroup;
			children = (
				2E40D7A12AF1339900066D88 /* Base */,
			);
			name = LaunchScreen.storyboard;
			sourceTree = "<group>";
		};
/* End PBXVariantGroup section */

/* Begin XCBuildConfiguration section */
		2E40D7A42AF1339900066D88 /* Debug */ = {
			isa = XCBuildConfiguration;
			buildSettings = {
				ALWAYS_SEARCH_USER_PATHS = NO;
				CLANG_ANALYZER_NONNULL = YES;
				CLANG_ANALYZER_NUMBER_OBJECT_CONVERSION = YES_AGGRESSIVE;
				CLANG_CXX_LANGUAGE_STANDARD = "gnu++20";
				CLANG_ENABLE_MODULES = YES;
				CLANG_ENABLE_OBJC_ARC = YES;
				CLANG_ENABLE_OBJC_WEAK = YES;
				CLANG_WARN_BLOCK_CAPTURE_AUTORELEASING = YES;
				CLANG_WARN_BOOL_CONVERSION = YES;
				CLANG_WARN_COMMA = YES;
				CLANG_WARN_CONSTANT_CONVERSION = YES;
				CLANG_WARN_DEPRECATED_OBJC_IMPLEMENTATIONS = YES;
				CLANG_WARN_DIRECT_OBJC_ISA_USAGE = YES_ERROR;
				CLANG_WARN_DOCUMENTATION_COMMENTS = YES;
				CLANG_WARN_EMPTY_BODY = YES;
				CLANG_WARN_ENUM_CONVERSION = YES;
				CLANG_WARN_INFINITE_RECURSION = YES;
				CLANG_WARN_INT_CONVERSION = YES;
				CLANG_WARN_NON_LITERAL_NULL_CONVERSION = YES;
				CLANG_WARN_OBJC_IMPLICIT_RETAIN_SELF = YES;
				CLANG_WARN_OBJC_LITERAL_CONVERSION = YES;
				CLANG_WARN_OBJC_ROOT_CLASS = YES_ERROR;
				CLANG_WARN_QUOTED_INCLUDE_IN_FRAMEWORK_HEADER = YES;
				CLANG_WARN_RANGE_LOOP_ANALYSIS = YES;
				CLANG_WARN_STRICT_PROTOTYPES = YES;
				CLANG_WARN_SUSPICIOUS_MOVE = YES;
				CLANG_WARN_UNGUARDED_AVAILABILITY = YES_AGGRESSIVE;
				CLANG_WARN_UNREACHABLE_CODE = YES;
				CLANG_WARN__DUPLICATE_METHOD_MATCH = YES;
				COPY_PHASE_STRIP = NO;
				DEBUG_INFORMATION_FORMAT = dwarf;
				ENABLE_STRICT_OBJC_MSGSEND = YES;
				ENABLE_TESTABILITY = YES;
				GCC_C_LANGUAGE_STANDARD = gnu11;
				GCC_DYNAMIC_NO_PIC = NO;
				GCC_NO_COMMON_BLOCKS = YES;
				GCC_OPTIMIZATION_LEVEL = 0;
				GCC_PREPROCESSOR_DEFINITIONS = (
					"DEBUG=1",
					"$(inherited)",
				);
				GCC_WARN_64_TO_32_BIT_CONVERSION = YES;
				GCC_WARN_ABOUT_RETURN_TYPE = YES_ERROR;
				GCC_WARN_UNDECLARED_SELECTOR = YES;
				GCC_WARN_UNINITIALIZED_AUTOS = YES_AGGRESSIVE;
				GCC_WARN_UNUSED_FUNCTION = YES;
				GCC_WARN_UNUSED_VARIABLE = YES;
				IPHONEOS_DEPLOYMENT_TARGET = 16.2;
				MTL_ENABLE_DEBUG_INFO = INCLUDE_SOURCE;
				MTL_FAST_MATH = YES;
				ONLY_ACTIVE_ARCH = YES;
				SDKROOT = iphoneos;
				SWIFT_ACTIVE_COMPILATION_CONDITIONS = DEBUG;
				SWIFT_OPTIMIZATION_LEVEL = "-Onone";
			};
			name = Debug;
		};
		2E40D7A52AF1339900066D88 /* Release */ = {
			isa = XCBuildConfiguration;
			buildSettings = {
				ALWAYS_SEARCH_USER_PATHS = NO;
				CLANG_ANALYZER_NONNULL = YES;
				CLANG_ANALYZER_NUMBER_OBJECT_CONVERSION = YES_AGGRESSIVE;
				CLANG_CXX_LANGUAGE_STANDARD = "gnu++20";
				CLANG_ENABLE_MODULES = YES;
				CLANG_ENABLE_OBJC_ARC = YES;
				CLANG_ENABLE_OBJC_WEAK = YES;
				CLANG_WARN_BLOCK_CAPTURE_AUTORELEASING = YES;
				CLANG_WARN_BOOL_CONVERSION = YES;
				CLANG_WARN_COMMA = YES;
				CLANG_WARN_CONSTANT_CONVERSION = YES;
				CLANG_WARN_DEPRECATED_OBJC_IMPLEMENTATIONS = YES;
				CLANG_WARN_DIRECT_OBJC_ISA_USAGE = YES_ERROR;
				CLANG_WARN_DOCUMENTATION_COMMENTS = YES;
				CLANG_WARN_EMPTY_BODY = YES;
				CLANG_WARN_ENUM_CONVERSION = YES;
				CLANG_WARN_INFINITE_RECURSION = YES;
				CLANG_WARN_INT_CONVERSION = YES;
				CLANG_WARN_NON_LITERAL_NULL_CONVERSION = YES;
				CLANG_WARN_OBJC_IMPLICIT_RETAIN_SELF = YES;
				CLANG_WARN_OBJC_LITERAL_CONVERSION = YES;
				CLANG_WARN_OBJC_ROOT_CLASS = YES_ERROR;
				CLANG_WARN_QUOTED_INCLUDE_IN_FRAMEWORK_HEADER = YES;
				CLANG_WARN_RANGE_LOOP_ANALYSIS = YES;
				CLANG_WARN_STRICT_PROTOTYPES = YES;
				CLANG_WARN_SUSPICIOUS_MOVE = YES;
				CLANG_WARN_UNGUARDED_AVAILABILITY = YES_AGGRESSIVE;
				CLANG_WARN_UNREACHABLE_CODE = YES;
				CLANG_WARN__DUPLICATE_METHOD_MATCH = YES;
				COPY_PHASE_STRIP = NO;
				DEBUG_INFORMATION_FORMAT = "dwarf-with-dsym";
				ENABLE_NS_ASSERTIONS = NO;
				ENABLE_STRICT_OBJC_MSGSEND = YES;
				GCC_C_LANGUAGE_STANDARD = gnu11;
				GCC_NO_COMMON_BLOCKS = YES;
				GCC_WARN_64_TO_32_BIT_CONVERSION = YES;
				GCC_WARN_ABOUT_RETURN_TYPE = YES_ERROR;
				GCC_WARN_UNDECLARED_SELECTOR = YES;
				GCC_WARN_UNINITIALIZED_AUTOS = YES_AGGRESSIVE;
				GCC_WARN_UNUSED_FUNCTION = YES;
				GCC_WARN_UNUSED_VARIABLE = YES;
				IPHONEOS_DEPLOYMENT_TARGET = 16.2;
				MTL_ENABLE_DEBUG_INFO = NO;
				MTL_FAST_MATH = YES;
				SDKROOT = iphoneos;
				SWIFT_COMPILATION_MODE = wholemodule;
				SWIFT_OPTIMIZATION_LEVEL = "-O";
				VALIDATE_PRODUCT = YES;
			};
			name = Release;
		};
		2E40D7A72AF1339900066D88 /* Debug */ = {
			isa = XCBuildConfiguration;
			buildSettings = {
				ASSETCATALOG_COMPILER_APPICON_NAME = AppIcon;
				ASSETCATALOG_COMPILER_GLOBAL_ACCENT_COLOR_NAME = AccentColor;
				CODE_SIGN_STYLE = Automatic;
				CURRENT_PROJECT_VERSION = 1;
				GENERATE_INFOPLIST_FILE = YES;
				INFOPLIST_FILE = DataAPI/Info.plist;
				INFOPLIST_KEY_UIApplicationSupportsIndirectInputEvents = YES;
				INFOPLIST_KEY_UILaunchStoryboardName = LaunchScreen;
				INFOPLIST_KEY_UIMainStoryboardFile = "";
				INFOPLIST_KEY_UISupportedInterfaceOrientations_iPad = "UIInterfaceOrientationPortrait UIInterfaceOrientationPortraitUpsideDown UIInterfaceOrientationLandscapeLeft UIInterfaceOrientationLandscapeRight";
				INFOPLIST_KEY_UISupportedInterfaceOrientations_iPhone = "UIInterfaceOrientationPortrait UIInterfaceOrientationLandscapeLeft UIInterfaceOrientationLandscapeRight";
				LD_RUNPATH_SEARCH_PATHS = (
					"$(inherited)",
					"@executable_path/Frameworks",
				);
				MARKETING_VERSION = 1.0;
				PRODUCT_BUNDLE_IDENTIFIER = diego.rodrigues.DataAPI;
				PRODUCT_NAME = "$(TARGET_NAME)";
				SUPPORTED_PLATFORMS = "iphoneos iphonesimulator";
				SUPPORTS_MACCATALYST = NO;
				SUPPORTS_MAC_DESIGNED_FOR_IPHONE_IPAD = NO;
				SWIFT_EMIT_LOC_STRINGS = YES;
				SWIFT_VERSION = 5.0;
				TARGETED_DEVICE_FAMILY = 1;
			};
			name = Debug;
		};
		2E40D7A82AF1339900066D88 /* Release */ = {
			isa = XCBuildConfiguration;
			buildSettings = {
				ASSETCATALOG_COMPILER_APPICON_NAME = AppIcon;
				ASSETCATALOG_COMPILER_GLOBAL_ACCENT_COLOR_NAME = AccentColor;
				CODE_SIGN_STYLE = Automatic;
				CURRENT_PROJECT_VERSION = 1;
				GENERATE_INFOPLIST_FILE = YES;
				INFOPLIST_FILE = DataAPI/Info.plist;
				INFOPLIST_KEY_UIApplicationSupportsIndirectInputEvents = YES;
				INFOPLIST_KEY_UILaunchStoryboardName = LaunchScreen;
				INFOPLIST_KEY_UIMainStoryboardFile = "";
				INFOPLIST_KEY_UISupportedInterfaceOrientations_iPad = "UIInterfaceOrientationPortrait UIInterfaceOrientationPortraitUpsideDown UIInterfaceOrientationLandscapeLeft UIInterfaceOrientationLandscapeRight";
				INFOPLIST_KEY_UISupportedInterfaceOrientations_iPhone = "UIInterfaceOrientationPortrait UIInterfaceOrientationLandscapeLeft UIInterfaceOrientationLandscapeRight";
				LD_RUNPATH_SEARCH_PATHS = (
					"$(inherited)",
					"@executable_path/Frameworks",
				);
				MARKETING_VERSION = 1.0;
				PRODUCT_BUNDLE_IDENTIFIER = diego.rodrigues.DataAPI;
				PRODUCT_NAME = "$(TARGET_NAME)";
				SUPPORTED_PLATFORMS = "iphoneos iphonesimulator";
				SUPPORTS_MACCATALYST = NO;
				SUPPORTS_MAC_DESIGNED_FOR_IPHONE_IPAD = NO;
				SWIFT_EMIT_LOC_STRINGS = YES;
				SWIFT_VERSION = 5.0;
				TARGETED_DEVICE_FAMILY = 1;
			};
			name = Release;
		};
/* End XCBuildConfiguration section */

/* Begin XCConfigurationList section */
		2E40D78D2AF1339800066D88 /* Build configuration list for PBXProject "DataAPI" */ = {
			isa = XCConfigurationList;
			buildConfigurations = (
				2E40D7A42AF1339900066D88 /* Debug */,
				2E40D7A52AF1339900066D88 /* Release */,
			);
			defaultConfigurationIsVisible = 0;
			defaultConfigurationName = Release;
		};
		2E40D7A62AF1339900066D88 /* Build configuration list for PBXNativeTarget "DataAPI" */ = {
			isa = XCConfigurationList;
			buildConfigurations = (
				2E40D7A72AF1339900066D88 /* Debug */,
				2E40D7A82AF1339900066D88 /* Release */,
			);
			defaultConfigurationIsVisible = 0;
			defaultConfigurationName = Release;
		};
/* End XCConfigurationList section */
	};
	rootObject = 2E40D78A2AF1339800066D88 /* Project object */;
}
